
Microsoft Visual Studio Solution File, Format Version 12.00
# Visual Studio 15
VisualStudioVersion = 15.0.28307.645
MinimumVisualStudioVersion = 10.0.40219.1
Project("{FAE04EC0-301F-11D3-BF4B-00C04F79EFBC}") = "HealthCheck.API", "HealthCheck.API\HealthCheck.API.csproj", "{356CC350-CB84-4646-A0B4-13FE310DCE5E}"
EndProject
Project("{FAE04EC0-301F-11D3-BF4B-00C04F79EFBC}") = "HealthCheck.Helper", "HealthCheck.Helper\HealthCheck.Helper.csproj", "{C7BC3218-359D-492F-A5D5-F2171E11E8DC}"
EndProject
Project("{FAE04EC0-301F-11D3-BF4B-00C04F79EFBC}") = "HealthCheck.Api.Core", "HealthCheck.Api.Core\HealthCheck.Api.Core.csproj", "{A2986518-0DD2-4E0E-B9C3-2244044D0914}"
EndProject
Project("{FAE04EC0-301F-11D3-BF4B-00C04F79EFBC}") = "HealthCheck.API.Test", "HealthCheck.API.Test\HealthCheck.API.Test.csproj", "{047CFAEA-005F-4F6E-A7F9-7BA2CF2D25B6}"
EndProject
Project("{9A19103F-16F7-4668-BE54-9A1E7A4F7556}") = "HealthCheck", "HealthCheck\HealthCheck.csproj", "{F4F9869A-568A-4AC5-9BCF-7C8FBFAF7F1A}"
EndProject
Global
	GlobalSection(SolutionConfigurationPlatforms) = preSolution
		Debug|Any CPU = Debug|Any CPU
		Release|Any CPU = Release|Any CPU
	EndGlobalSection
	GlobalSection(ProjectConfigurationPlatforms) = postSolution
		{356CC350-CB84-4646-A0B4-13FE310DCE5E}.Debug|Any CPU.ActiveCfg = Debug|Any CPU
		{356CC350-CB84-4646-A0B4-13FE310DCE5E}.Debug|Any CPU.Build.0 = Debug|Any CPU
		{356CC350-CB84-4646-A0B4-13FE310DCE5E}.Release|Any CPU.ActiveCfg = Release|Any CPU
		{356CC350-CB84-4646-A0B4-13FE310DCE5E}.Release|Any CPU.Build.0 = Release|Any CPU
		{C7BC3218-359D-492F-A5D5-F2171E11E8DC}.Debug|Any CPU.ActiveCfg = Debug|Any CPU
		{C7BC3218-359D-492F-A5D5-F2171E11E8DC}.Debug|Any CPU.Build.0 = Debug|Any CPU
		{C7BC3218-359D-492F-A5D5-F2171E11E8DC}.Release|Any CPU.ActiveCfg = Release|Any CPU
		{C7BC3218-359D-492F-A5D5-F2171E11E8DC}.Release|Any CPU.Build.0 = Release|Any CPU
		{A2986518-0DD2-4E0E-B9C3-2244044D0914}.Debug|Any CPU.ActiveCfg = Debug|Any CPU
		{A2986518-0DD2-4E0E-B9C3-2244044D0914}.Debug|Any CPU.Build.0 = Debug|Any CPU
		{A2986518-0DD2-4E0E-B9C3-2244044D0914}.Release|Any CPU.ActiveCfg = Release|Any CPU
		{A2986518-0DD2-4E0E-B9C3-2244044D0914}.Release|Any CPU.Build.0 = Release|Any CPU
		{047CFAEA-005F-4F6E-A7F9-7BA2CF2D25B6}.Debug|Any CPU.ActiveCfg = Debug|Any CPU
		{047CFAEA-005F-4F6E-A7F9-7BA2CF2D25B6}.Debug|Any CPU.Build.0 = Debug|Any CPU
		{047CFAEA-005F-4F6E-A7F9-7BA2CF2D25B6}.Release|Any CPU.ActiveCfg = Release|Any CPU
		{047CFAEA-005F-4F6E-A7F9-7BA2CF2D25B6}.Release|Any CPU.Build.0 = Release|Any CPU
		{F4F9869A-568A-4AC5-9BCF-7C8FBFAF7F1A}.Debug|Any CPU.ActiveCfg = Debug|Any CPU
		{F4F9869A-568A-4AC5-9BCF-7C8FBFAF7F1A}.Debug|Any CPU.Build.0 = Debug|Any CPU
		{F4F9869A-568A-4AC5-9BCF-7C8FBFAF7F1A}.Release|Any CPU.ActiveCfg = Release|Any CPU
		{F4F9869A-568A-4AC5-9BCF-7C8FBFAF7F1A}.Release|Any CPU.Build.0 = Release|Any CPU
	EndGlobalSection
	GlobalSection(SolutionProperties) = preSolution
		HideSolutionNode = FALSE
	EndGlobalSection
	GlobalSection(ExtensibilityGlobals) = postSolution
		SolutionGuid = {E5351E19-6D83-4DCE-B55E-35267DBDC1EC}
	EndGlobalSection
EndGlobal
